{
  "version": 1,
  "dependencies": {
    "net10.0-windows7.0": {
      "companioncore.capture.contracts": {
        "type": "Project"
      },
      "companioncore.capture.fake": {
        "type": "Project",
        "dependencies": {
          "CompanionCore.Capture.Contracts": "[1.0.0, )"
        }
      },
      "companioncore.presentation": {
        "type": "Project",
        "dependencies": {
          "CompanionCore.Runtime": "[1.0.0, )",
          "CompanionCore.TargetAuth": "[1.0.0, )"
        }
      },
      "companioncore.privacy": {
        "type": "Project"
      },
      "companioncore.runtime": {
        "type": "Project"
      },
      "companioncore.targetauth": {
        "type": "Project",
        "dependencies": {
          "CompanionCore.Capture.Contracts": "[1.0.0, )",
          "CompanionCore.Privacy": "[1.0.0, )"
        }
      },
      "companioncore.targetauth.windows": {
        "type": "Project",
        "dependencies": {
          "CompanionCore.Capture.Contracts": "[1.0.0, )",
          "CompanionCore.TargetAuth": "[1.0.0, )"
        }
      }
    }
  }
}